
Microsoft Visual Studio Solution File, Format Version 12.00
# Visual Studio Version 16
VisualStudioVersion = 16.0.31911.196
MinimumVisualStudioVersion = 10.0.40219.1
Project("{FAE04EC0-301F-11D3-BF4B-00C04F79EFBC}") = "Lab10_Exemple", "Lab10\Lab10_Exemple.csproj", "{986B87B2-9161-4FFE-AB01-45AE0C1DD712}"
EndProject
Project("{FAE04EC0-301F-11D3-BF4B-00C04F79EFBC}") = "Lab10_Homework", "Lab10_Homework\Lab10_Homework.csproj", "{A02666B7-0DD2-4660-A326-07EF7A34DEE7}"
EndProject
Global
	GlobalSection(SolutionConfigurationPlatforms) = preSolution
		Debug|Any CPU = Debug|Any CPU
		Release|Any CPU = Release|Any CPU
	EndGlobalSection
	GlobalSection(ProjectConfigurationPlatforms) = postSolution
		{986B87B2-9161-4FFE-AB01-45AE0C1DD712}.Debug|Any CPU.ActiveCfg = Debug|Any CPU
		{986B87B2-9161-4FFE-AB01-45AE0C1DD712}.Debug|Any CPU.Build.0 = Debug|Any CPU
		{986B87B2-9161-4FFE-AB01-45AE0C1DD712}.Release|Any CPU.ActiveCfg = Release|Any CPU
		{986B87B2-9161-4FFE-AB01-45AE0C1DD712}.Release|Any CPU.Build.0 = Release|Any CPU
		{A02666B7-0DD2-4660-A326-07EF7A34DEE7}.Debug|Any CPU.ActiveCfg = Debug|Any CPU
		{A02666B7-0DD2-4660-A326-07EF7A34DEE7}.Debug|Any CPU.Build.0 = Debug|Any CPU
		{A02666B7-0DD2-4660-A326-07EF7A34DEE7}.Release|Any CPU.ActiveCfg = Release|Any CPU
		{A02666B7-0DD2-4660-A326-07EF7A34DEE7}.Release|Any CPU.Build.0 = Release|Any CPU
	EndGlobalSection
	GlobalSection(SolutionProperties) = preSolution
		HideSolutionNode = FALSE
	EndGlobalSection
	GlobalSection(ExtensibilityGlobals) = postSolution
		SolutionGuid = {45782880-533C-47D4-969D-CD03840F8BF8}
	EndGlobalSection
EndGlobal
